{
  "version": "2",
  "remote": {
    "http://localhost:8000/components/Header.tsx?ssr&v=lfqc7nih": "02f2c4c50c022dd1bca26177416c021d23a6a4c5487205a67665c5aae3d5ae0e",
    "http://localhost:8000/components/Header.tsx?ssr&v=lfqc8cl7": "02f2c4c50c022dd1bca26177416c021d23a6a4c5487205a67665c5aae3d5ae0e",
    "http://localhost:8000/components/Header.tsx?ssr&v=lfqc943r": "02f2c4c50c022dd1bca26177416c021d23a6a4c5487205a67665c5aae3d5ae0e",
    "http://localhost:8000/routes/_app.tsx?ssr&v=lfqc7nih": "571c7affb84b3000e23d2c7ba9619a0a86e7f22c8d02892f76620fdf6ee08ee8",
    "http://localhost:8000/routes/_app.tsx?ssr&v=lfqc8cl7": "a2367db77b6edaca0af506cd0a063e4b18857dbbc37242ba184ffe0d9865cb23",
    "http://localhost:8000/routes/_app.tsx?ssr&v=lfqc943r": "bb9e7a577cd87aba26e00099467ea982840c8a0ac5b50be87a5c00b6b47b2cb5",
    "http://localhost:8000/routes/index.tsx?ssr&v=lfqc7nih": "ed5d172d4efdea43507f2da2de1d6a2e0ffdf16ed61914f76c1a343410f0ead5",
    "http://localhost:8000/routes/index.tsx?ssr&v=lfqc8cl7": "0c35353fd6af9350f4a23a25b46a92c0a6c22621a176e23daacde824346a28c7",
    "http://localhost:8000/routes/index.tsx?ssr&v=lfqc943r": "8d1d546aee1306545704c9586b56a3d170bffcc3b80b2b91b4ab040f2097df48",
    "https://deno.land/std@0.180.0/_util/asserts.ts": "178dfc49a464aee693a7e285567b3d0b555dc805ff490505a8aae34f9cfb1462",
    "https://deno.land/std@0.180.0/_util/os.ts": "d932f56d41e4f6a6093d56044e29ce637f8dcc43c5a90af43504a889cf1775e3",
    "https://deno.land/std@0.180.0/async/abortable.ts": "73acfb3ed7261ce0d930dbe89e43db8d34e017b063cf0eaa7d215477bf53442e",
    "https://deno.land/std@0.180.0/async/deadline.ts": "c5facb0b404eede83e38bd2717ea8ab34faa2ffb20ef87fd261fcba32ba307aa",
    "https://deno.land/std@0.180.0/async/debounce.ts": "adab11d04ca38d699444ac8a9d9856b4155e8dda2afd07ce78276c01ea5a4332",
    "https://deno.land/std@0.180.0/async/deferred.ts": "42790112f36a75a57db4a96d33974a936deb7b04d25c6084a9fa8a49f135def8",
    "https://deno.land/std@0.180.0/async/delay.ts": "73aa04cec034c84fc748c7be49bb15cac3dd43a57174bfdb7a4aec22c248f0dd",
    "https://deno.land/std@0.180.0/async/mod.ts": "f04344fa21738e5ad6bea37a6bfffd57c617c2d372bb9f9dcfd118a1b622e576",
    "https://deno.land/std@0.180.0/async/mux_async_iterator.ts": "70c7f2ee4e9466161350473ad61cac0b9f115cff4c552eaa7ef9d50c4cbb4cc9",
    "https://deno.land/std@0.180.0/async/pool.ts": "fd082bd4aaf26445909889435a5c74334c017847842ec035739b4ae637ae8260",
    "https://deno.land/std@0.180.0/async/retry.ts": "5efa3ba450ac0c07a40a82e2df296287b5013755d232049efd7ea2244f15b20f",
    "https://deno.land/std@0.180.0/async/tee.ts": "47e42d35f622650b02234d43803d0383a89eb4387e1b83b5a40106d18ae36757",
    "https://deno.land/std@0.180.0/bytes/bytes_list.ts": "b4cbdfd2c263a13e8a904b12d082f6177ea97d9297274a4be134e989450dfa6a",
    "https://deno.land/std@0.180.0/bytes/concat.ts": "d26d6f3d7922e6d663dacfcd357563b7bf4a380ce5b9c2bbe0c8586662f25ce2",
    "https://deno.land/std@0.180.0/bytes/copy.ts": "939d89e302a9761dcf1d9c937c7711174ed74c59eef40a1e4569a05c9de88219",
    "https://deno.land/std@0.180.0/bytes/ends_with.ts": "4228811ebc71615d27f065c54b5e815ec1972538772b0f413c0efe05245b472e",
    "https://deno.land/std@0.180.0/bytes/equals.ts": "b87494ce5442dc786db46f91378100028c402f83a14a2f7bbff6bda7810aefe3",
    "https://deno.land/std@0.180.0/bytes/includes_needle.ts": "76a8163126fb2f8bf86fd7f22192c3bb04bf6a20b987a095127c2ca08adf3ba6",
    "https://deno.land/std@0.180.0/bytes/index_of_needle.ts": "65c939607df609374c4415598fa4dad04a2f14c4d98cd15775216f0aaf597f24",
    "https://deno.land/std@0.180.0/bytes/last_index_of_needle.ts": "7181072883cb4908c6ce8f7a5bb1d96787eef2c2ab3aa94fe4268ab326a53cbf",
    "https://deno.land/std@0.180.0/bytes/mod.ts": "e869bba1e7a2e3a9cc6c2d55471888429a544e70a840c087672e656e7ba21815",
    "https://deno.land/std@0.180.0/bytes/repeat.ts": "6f5e490d8d72bcbf8d84a6bb04690b9b3eb5822c5a11687bca73a2318a842294",
    "https://deno.land/std@0.180.0/bytes/starts_with.ts": "3e607a70c9c09f5140b7a7f17a695221abcc7244d20af3eb47ccbb63f5885135",
    "https://deno.land/std@0.180.0/encoding/base64.ts": "7de04c2f8aeeb41453b09b186480be90f2ff357613b988e99fabb91d2eeceba1",
    "https://deno.land/std@0.180.0/fmt/colors.ts": "938c5d44d889fb82eff6c358bea8baa7e85950a16c9f6dae3ec3a7a729164471",
    "https://deno.land/std@0.180.0/fs/_util.ts": "65381f341af1ff7f40198cee15c20f59951ac26e51ddc651c5293e24f9ce6f32",
    "https://deno.land/std@0.180.0/fs/ensure_dir.ts": "dc64c4c75c64721d4e3fb681f1382f803ff3d2868f08563ff923fdd20d071c40",
    "https://deno.land/std@0.180.0/http/server.ts": "cbb17b594651215ba95c01a395700684e569c165a567e4e04bba327f41197433",
    "https://deno.land/std@0.180.0/jsonc/mod.ts": "b545ae643c49ec3eb7ea64c3eb4e8594b9ac55cd32edeef7459efe3343353420",
    "https://deno.land/std@0.180.0/jsonc/parse.ts": "06567e9739aecc19eca62a48f58ce29c0f7958044b5fcccf772aca262e33b564",
    "https://deno.land/std@0.180.0/path/_constants.ts": "e49961f6f4f48039c0dfed3c3f93e963ca3d92791c9d478ac5b43183413136e0",
    "https://deno.land/std@0.180.0/path/_interface.ts": "6471159dfbbc357e03882c2266d21ef9afdb1e4aa771b0545e90db58a0ba314b",
    "https://deno.land/std@0.180.0/path/_util.ts": "d7abb1e0dea065f427b89156e28cdeb32b045870acdf865833ba808a73b576d0",
    "https://deno.land/std@0.180.0/path/common.ts": "ee7505ab01fd22de3963b64e46cff31f40de34f9f8de1fff6a1bd2fe79380000",
    "https://deno.land/std@0.180.0/path/glob.ts": "d479e0a695621c94d3fd7fe7abd4f9499caf32a8de13f25073451c6ef420a4e1",
    "https://deno.land/std@0.180.0/path/mod.ts": "4b83694ac500d7d31b0cdafc927080a53dc0c3027eb2895790fb155082b0d232",
    "https://deno.land/std@0.180.0/path/posix.ts": "8b7c67ac338714b30c816079303d0285dd24af6b284f7ad63da5b27372a2c94d",
    "https://deno.land/std@0.180.0/path/separator.ts": "0fb679739d0d1d7bf45b68dacfb4ec7563597a902edbaf3c59b50d5bcadd93b1",
    "https://deno.land/std@0.180.0/path/win32.ts": "d186344e5583bcbf8b18af416d13d82b35a317116e6460a5a3953508c3de5bba",
    "https://deno.land/std@0.181.0/_util/asserts.ts": "178dfc49a464aee693a7e285567b3d0b555dc805ff490505a8aae34f9cfb1462",
    "https://deno.land/std@0.181.0/datetime/to_imf.ts": "8f9c0af8b167031ffe2e03da01a12a3b0672cc7562f89c61942a0ab0129771b2",
    "https://deno.land/std@0.181.0/http/cookie.ts": "934f92d871d50852dbd7a836d721df5a9527b14381db16001b40991d30174ee4",
    "https://deno.land/x/aleph@1.0.0-beta.42/framework/core/error.ts": "65b0dfaef2e8a77f857fdb6b953c4306d88af01690615bd8fb1a3570e336b255",
    "https://deno.land/x/aleph@1.0.0-beta.42/framework/core/events.ts": "423619d4b48121da1318ecb9ac200c950edd63d767353165dcd6564c76a69a3c",
    "https://deno.land/x/aleph@1.0.0-beta.42/framework/core/redirect.ts": "b65f0cafdca115b41e6e1499e420655ea55d1f3c140e0784d640de59e3606185",
    "https://deno.land/x/aleph@1.0.0-beta.42/framework/core/router.ts": "cb5c1f3ed0d25578d4ec26491e5554992af5b7765ee5852a390b3785085f52d0",
    "https://deno.land/x/aleph@1.0.0-beta.42/framework/core/url_pattern.ts": "d218c6fe81646adb0dc164b7515a4eff959f4b64b975bfc2ee7696cb0864a3a3",
    "https://deno.land/x/aleph@1.0.0-beta.42/framework/react/client.ts": "f4ca7bc5b6f18faa4faae864cbd1b27cc000474f830d3066fe0f38e7823c5e92",
    "https://deno.land/x/aleph@1.0.0-beta.42/framework/react/context.ts": "fee0ec2f4bced1e4806bda44d0ff574b570ab88371b2bda080d660ed2bc75b47",
    "https://deno.land/x/aleph@1.0.0-beta.42/framework/react/data.ts": "1807294301d46f799636aa1ad3f3069cbdbd4b7e16395bc083886b9cd8d1e1b9",
    "https://deno.land/x/aleph@1.0.0-beta.42/framework/react/error.ts": "b5c784b1a3fac7d550b82780dd5ba4ff8d64a1293559ec7ec702e2905a4915a2",
    "https://deno.land/x/aleph@1.0.0-beta.42/framework/react/head.ts": "0bb40ded9a5e83371c6d43f6e3ecb6b506ce9b2eb9e2b13d6a4a86f62f269efa",
    "https://deno.land/x/aleph@1.0.0-beta.42/framework/react/link.ts": "cfb28db77b870cf13003f87259fcac6fde08bee3f51959cbbe1dce82e2ad92cf",
    "https://deno.land/x/aleph@1.0.0-beta.42/framework/react/mod.ts": "b66263d9b7d5719c65d0531ab97fa68287bee8f3043d1016b8f95ce0d3a9cc8a",
    "https://deno.land/x/aleph@1.0.0-beta.42/framework/react/plugin.ts": "cf0dbb9d5a30d2fd0a683f93dfd41fd41c0aa40d9bcb4d21ebedf949c6d23ac5",
    "https://deno.land/x/aleph@1.0.0-beta.42/framework/react/portal.ts": "57bffcf10ad1d1badc5ece9a1859ecbe2d22c4ddc86519d3e2e067c114ec436f",
    "https://deno.land/x/aleph@1.0.0-beta.42/framework/react/router.ts": "1d4965727797d56c144b6c8c242bbe17b04f6342afc03993d851b124bd72cfa6",
    "https://deno.land/x/aleph@1.0.0-beta.42/plugins/unocss.ts": "5f0dfa5dd037299b9b486b3320ff79895bc18e739e750e7e33ad887b145102b7",
    "https://deno.land/x/aleph@1.0.0-beta.42/server/build.ts": "9d165ff118e0652cb345e983de239c24760fc97960f5826fa4d40d7af06b6641",
    "https://deno.land/x/aleph@1.0.0-beta.42/server/cache.ts": "1f1118d4efa440a6c2ad1c55a98357e1d1406aefc40bdef5c102fa8969076cf2",
    "https://deno.land/x/aleph@1.0.0-beta.42/server/context.ts": "cd865dcaeb23703337e3d05908bbf9b5a068b3dfde6512cb7373cba540a3f8f6",
    "https://deno.land/x/aleph@1.0.0-beta.42/server/deps.ts": "37e4d4d49805265a18d159e2b97742d985395c2ae141a69878f3fac9e5fe3211",
    "https://deno.land/x/aleph@1.0.0-beta.42/server/dev.ts": "d0f3d931bc8b67e609dd0e7fd477e060c45a3b67df22d15e466cc6f1bdc522d5",
    "https://deno.land/x/aleph@1.0.0-beta.42/server/graph.ts": "15ca091aab1e06bef77508ce50c6010fe4e8d41653fba9529f9116657173d607",
    "https://deno.land/x/aleph@1.0.0-beta.42/server/handler.ts": "14f3b2b689e568300a4f92c2fa09ab5cba86bb58ae6be8ef514d241f8e8c1ebb",
    "https://deno.land/x/aleph@1.0.0-beta.42/server/helpers.ts": "82e6ae99c21e3a14825020111a8fe163666a2bfb80ee8b9cc60c9291e3dd2ab9",
    "https://deno.land/x/aleph@1.0.0-beta.42/server/html.ts": "bb73e4b947b8883535795604434e8180edf97e27e4e4c1296d6fe59f4fa4eb24",
    "https://deno.land/x/aleph@1.0.0-beta.42/server/log.ts": "9c7abad7015f0dbd421cb1ec090da9e67f9854c8c0c5bef4d3b1202a6ab0af95",
    "https://deno.land/x/aleph@1.0.0-beta.42/server/media_type.ts": "2bce52b8eb4378b6a50f86130d644f0cfca1d43d5d6999debbbc8fe464891fc4",
    "https://deno.land/x/aleph@1.0.0-beta.42/server/mod.ts": "0a84dc1411ba6d99514416b4d066cf6421d7ea5a86e113b1bbe473ac7fd154f1",
    "https://deno.land/x/aleph@1.0.0-beta.42/server/renderer.ts": "050019a73ec62b3401ffb09330d90c2690e26c64d6e6bd91830addc6b05193c8",
    "https://deno.land/x/aleph@1.0.0-beta.42/server/router.ts": "c4f021d42548d2f9ee5cfd296c22d2645e483da4931507aaeab830142b4b22b8",
    "https://deno.land/x/aleph@1.0.0-beta.42/server/session.ts": "3e7720800601fbec15e6647ee893421e761a2fe054e79e1c12c4c5106259eac1",
    "https://deno.land/x/aleph@1.0.0-beta.42/server/transformer.ts": "2dc4187bc12354af50837068fb004c255e9c03fa9d8e3ce43d191d00fb60df81",
    "https://deno.land/x/aleph@1.0.0-beta.42/server/types.ts": "c4de72a1cca63e38d5d8daae2528ebe1eb8cebf07a0a4688f933f410f2489bd7",
    "https://deno.land/x/aleph@1.0.0-beta.42/shared/util.ts": "05b9c60ccb2216150f049615d185cc4a0bdd54829820a5ddc6f82641b4d4ff4f",
    "https://deno.land/x/aleph@1.0.0-beta.42/types.d.ts": "d9d0836fc5e18acbb6637851fefddb4ea8dcf3241c719717867486ad02eff7d1",
    "https://deno.land/x/aleph@1.0.0-beta.42/version.ts": "65189500604988fab5f3417e5ec0a930ea41a1e0f3f0bd2edae7b52340f0510c",
    "https://deno.land/x/aleph_compiler@0.9.3/dist/compiler.js": "06518b3d7d4e2489c2425e824c107e96a0d08a53100b84ed0bc098f64ba575f2",
    "https://deno.land/x/aleph_compiler@0.9.3/dist/wasm.js": "89fb290e363a5dda5b77020c78b008700781dfc9dc2d445d1fc8c8bf1f1aaea1",
    "https://deno.land/x/aleph_compiler@0.9.3/mod.ts": "4e5bf63998a1d8293a98f7c2fd723e5768129b4421e00f47e504bb0cfd2312f8",
    "https://deno.land/x/aleph_compiler@0.9.3/types.ts": "83912306f6e51a1cb25723b982a2a4487efd66ac182447c07d5e2f074329366a",
    "https://deno.land/x/aleph_compiler@0.9.3/version.ts": "e094b6bae495fb6c416d822cdd9f136ee1ecc3f0669ce2c5a8a1b5c2e802bcf0",
    "https://deno.land/x/denoflate@1.2.1/mod.ts": "f5628e44b80b3d80ed525afa2ba0f12408e3849db817d47a883b801f9ce69dd6",
    "https://deno.land/x/denoflate@1.2.1/pkg/denoflate.js": "b9f9ad9457d3f12f28b1fb35c555f57443427f74decb403113d67364e4f2caf4",
    "https://deno.land/x/denoflate@1.2.1/pkg/denoflate_bg.wasm.js": "d581956245407a2115a3d7e8d85a9641c032940a8e810acbd59ca86afd34d44d",
    "https://deno.land/x/esbuild@v0.17.12/mod.d.ts": "dc279a3a46f084484453e617c0cabcd5b8bd1920c0e562e4ea02dfc828c8f968",
    "https://deno.land/x/esbuild@v0.17.12/mod.js": "8e93e1a2ac8c86aa7160383f2474e189b47783c21a8930e0669523925e65aac5",
    "https://deno.land/x/lol_html@0.0.6/lol_html.js": "efa396ae3506f40d81af8917b2a04c955550f738774e5ba5e3d2f9b10bb3bd02",
    "https://deno.land/x/lol_html@0.0.6/mod.ts": "308001155134d2b3d65f55d25eada007c88aa01b5c4866ac02c59953c83563f2",
    "https://deno.land/x/lol_html@0.0.6/types.d.ts": "bf06e1f27f776389334d001992d1e3efe3a335b4688e2c3ca39e307d2ae11cc4",
    "https://deno.land/x/lol_html@0.0.6/wasm.js": "74a2424ff8f77439c465e5bcac6a347095c3b3580e76211ce4a6c140a2e15c3f",
    "https://esm.sh/mitt@3.0.0?pin=v110": "c116047e6ac3b99ca4aab156f3ddf41e696a8db59e50507eafed46e17ac58ce6",
    "https://esm.sh/stable/react@18.2.0/deno/jsx-runtime.js": "c8706b6c33cb5fd14b32b82a9cf2df3aa3da221f62e4448248e651406ffa93a6",
    "https://esm.sh/stable/react@18.2.0/deno/react.mjs": "a5a73ee24acca4744ee22c51d9357f31968d1f684ce253bde222b4e26d09f49f",
    "https://esm.sh/v110/mitt@3.0.0/deno/mitt.js": "a53bd477c1b4445ef0e87a1b4f66124bee301ff5351f85e76689415f3bf6b007",
    "https://esm.sh/v110/mitt@3.0.0/index.d.ts": "d078b49194156918c4adfe4f0e2da2f2d5bfb0fe92539c9437d453a2fe68dd01",
    "https://esm.sh/v112/mitt@3.0.0": "9c25d1faf44f3a9acb1b1543c717ce34aacc83fc4afa0ae4c79d85bd60c190ae",
    "https://esm.sh/v112/mitt@3.0.0/deno/mitt.mjs": "7cc98580c4259fefc87ff60b375e73e6b2459e2e1f5cb4a9cfc8134642106240",
    "https://esm.sh/v112/mitt@3.0.0/index.d.ts": "d078b49194156918c4adfe4f0e2da2f2d5bfb0fe92539c9437d453a2fe68dd01",
    "https://esm.sh/v113/@antfu/utils@0.5.2/index.d.ts": "b55dd2eb5ced2eec9fbac96be6fe8d5c30cb9fd875fd47f711882c7e3c2a857d",
    "https://esm.sh/v113/@types/prop-types@15.7.5/X-YS9yZWFjdDpwcmVhY3QvY29tcGF0/index.d.ts": "6a386ff939f180ae8ef064699d8b7b6e62bc2731a62d7fbf5e02589383838dea",
    "https://esm.sh/v113/@types/prop-types@15.7.5/index.d.ts": "6a386ff939f180ae8ef064699d8b7b6e62bc2731a62d7fbf5e02589383838dea",
    "https://esm.sh/v113/@types/react-dom@18.0.11/client~.d.ts": "37ee80d649b9b8c4d7249a7e3044c8b900d37671dd67b9717fcc35235e3030c6",
    "https://esm.sh/v113/@types/react-dom@18.0.11/server~.d.ts": "5baa2905936f24b2b0747c100ffbe7406789916186f2a5f9e2c8a0b00a96b9d2",
    "https://esm.sh/v113/@types/react@18.0.28/X-YS9yZWFjdDpwcmVhY3QvY29tcGF0/global.d.ts": "bbdf156fea2fabed31a569445835aeedcc33643d404fcbaa54541f06c109df3f",
    "https://esm.sh/v113/@types/react@18.0.28/X-YS9yZWFjdDpwcmVhY3QvY29tcGF0/index.d.ts": "d1907436765559bca1808a0d7858b3ecd4895d9d541ca5db199b6e914279dc3e",
    "https://esm.sh/v113/@types/react@18.0.28/X-YS9yZWFjdDpwcmVhY3QvY29tcGF0/jsx-runtime~.d.ts": "7efb28f322f647d652575b99e1d9cda1af17e93bdf6f649cc5d0a8527fc75324",
    "https://esm.sh/v113/@types/react@18.0.28/global.d.ts": "bbdf156fea2fabed31a569445835aeedcc33643d404fcbaa54541f06c109df3f",
    "https://esm.sh/v113/@types/react@18.0.28/index.d.ts": "bb79735dbe388c3c7446e3436a22e8161ff87b4eed1932a97dc08e5edc1ab798",
    "https://esm.sh/v113/@types/scheduler@0.16.3/X-YS9yZWFjdDpwcmVhY3QvY29tcGF0/tracing.d.ts": "f5a8b384f182b3851cec3596ccc96cb7464f8d3469f48c74bf2befb782a19de5",
    "https://esm.sh/v113/@types/scheduler@0.16.3/tracing.d.ts": "f5a8b384f182b3851cec3596ccc96cb7464f8d3469f48c74bf2befb782a19de5",
    "https://esm.sh/v113/@unocss/core@0.50.6": "5cdaf22d2a2206d9e8384fc9c7430a5ed696f3f36bc0bf5b8f738cdca3299296",
    "https://esm.sh/v113/@unocss/core@0.50.6/deno/core.mjs": "8bc02db8da3e1288f686ed4aa84eecdc79a70e84e3e5a9ab56629705ef04ba2a",
    "https://esm.sh/v113/@unocss/core@0.50.6/dist/index.d.ts": "f0afa1f28508404a02fa916121abc6178aaa20b6b8da7225d11b2d1f24cc5b06",
    "https://esm.sh/v113/@unocss/preset-mini@0.50.6/deno/preset-mini.mjs": "d59c693d483e1eb2fa920dfcd63f2d45835fad217c2a26dd503ad531965da696",
    "https://esm.sh/v113/@unocss/preset-mini@0.50.6/deno/rules.js": "90e87baa43b335a9084aa9eae2ee555649a362d29966b74d1c023916ffd5c9a6",
    "https://esm.sh/v113/@unocss/preset-mini@0.50.6/deno/theme.js": "ba56f4d449026bfc08858dd7f4e1416188902f5205b622100e9ababccc5944d4",
    "https://esm.sh/v113/@unocss/preset-mini@0.50.6/deno/utils.js": "f7ad393f393ab435981fac7a11eb5dfc7949b98cded1e465c863da49774fdd29",
    "https://esm.sh/v113/@unocss/preset-mini@0.50.6/deno/variants.js": "d93b271efe1917d6d599ed97fe60d3ab862b77a63bd45a0d10d6e7e25b67e2ae",
    "https://esm.sh/v113/@unocss/preset-mini@0.50.6/dist/colors-fdadc382.d.ts": "c3841b7da45b02627f0a3c36e77e29a9d854585d09e04686b4c5502c2a6e63a3",
    "https://esm.sh/v113/@unocss/preset-mini@0.50.6/dist/default-be74c37e.d.ts": "872f06bb486c393347728d23a8d7e1412cab499d097689ee4b1f539a16ec90cd",
    "https://esm.sh/v113/@unocss/preset-mini@0.50.6/dist/index.d.ts": "bd46623d4dc60f59040b63cd1cddba5695dfc1743e221dafce899bc3e958c81b",
    "https://esm.sh/v113/@unocss/preset-mini@0.50.6/dist/types-f73ecdfe.d.ts": "cd142ffb1d2c6a8529485180ed222b90b64386a87b0460cb33a0bcfe9a2328fe",
    "https://esm.sh/v113/@unocss/preset-mini@0.50.6/dist/utilities-a87209ad.d.ts": "978204227357752b69b301becc3c94f3843c706bea61be7dfc1ac6cc545968b1",
    "https://esm.sh/v113/@unocss/preset-uno@0.50.6": "5a73be8bc9e441457e2210358d22b087b1ec1c2dd1f08d383333c1f02126ba4c",
    "https://esm.sh/v113/@unocss/preset-uno@0.50.6/deno/preset-uno.mjs": "ced54690324090df0f1fdbbe5ad336f2287a1cd1103685f2ec85fe27e01775b5",
    "https://esm.sh/v113/@unocss/preset-uno@0.50.6/dist/index.d.ts": "d5c6a6d775541dc9aebfa20000dcd06f4f73d3a22e096d11a3c1598dec21ea1b",
    "https://esm.sh/v113/@unocss/preset-wind@0.50.6/deno/preset-wind.mjs": "0154fdd8baefa95f09824b7251c7418e772a9dbc3f5eb880bec21bdd95f4f930",
    "https://esm.sh/v113/csstype@3.1.1/X-YS9yZWFjdDpwcmVhY3QvY29tcGF0/index.d.ts": "1c29793071152b207c01ea1954e343be9a44d85234447b2b236acae9e709a383",
    "https://esm.sh/v113/csstype@3.1.1/index.d.ts": "1c29793071152b207c01ea1954e343be9a44d85234447b2b236acae9e709a383",
    "https://esm.sh/v113/magic-string@0.30.0/index.d.ts": "dff50cb5dc6990d26ea2a5a3320132e872d258d283599e744c8fa603ab40f88b",
    "https://esm.sh/v113/react-dom@18.2.0/client": "f953e407305cc11ae4d9f64df20ceb2d6b13ca690cc71d8110a670066dce7765",
    "https://esm.sh/v113/react-dom@18.2.0/deno/client.js": "1710e21efd55ab3b123f67bb789eaf901e8523248c5d3f0b9e6f6ebdcacecebf",
    "https://esm.sh/v113/react-dom@18.2.0/deno/react-dom.mjs": "1c094670a1851995d34302ca392dbf5cdac85474983b424edc16c73780b79ebe",
    "https://esm.sh/v113/react-dom@18.2.0/deno/server.js": "b337bd03b576204ec3ab3a54933bf09a4bc35f0b13b9b3cba32b8ef0d5af64bc",
    "https://esm.sh/v113/react-dom@18.2.0/server": "88df1a68810026f6d6ce0550ca4437a20f7062ca7bb67800ce5794827e099a23",
    "https://esm.sh/v113/react@18.2.0": "742d8246041966ba1137ec8c60888c35882a9d2478bce63583875f86c1e3687c",
    "https://esm.sh/v113/react@18.2.0/jsx-runtime": "8e5e22ae56773ef989a95772b9b9f6d4e5d7891f2d20875c25e51015df018f7c",
    "https://esm.sh/v113/scheduler@0.23.0/deno/scheduler.mjs": "585bd99e523275a2447f9d1c29f36b43be0a20123e7c7915f6f4d5405ecc2884",
    "https://esm.sh/v113/unconfig@0.3.7/dist/index.d.ts": "95b1248cdaed1a2edd552e6332840279c601614807f66655c286b9a528eb4524",
    "https://esm.sh/v113/unconfig@0.3.7/dist/types-6886c41e.d.ts": "e7435d5bfe667da7d5e42a32ef88453fac1d2191c9c6ac0a4a8e30ae671d1b90"
  }
}
